{
    "_readme": [
        "This file locks the dependencies of your project to a known state",
        "Read more about it at https://getcomposer.org/doc/01-basic-usage.md#installing-dependencies",
        "This file is @generated automatically"
    ],
    "content-hash": "bfe052e85e1cee70b8f98c090fe518b5",
    "packages": [
        {
            "name": "deployer/deployer",
            "version": "v7.0.2",
            "source": {
                "type": "git",
                "url": "https://github.com/deployphp/deployer.git",
                "reference": "99a57a9035cfe0eeae5dba5befe5411ac0f3ac72"
            },
            "dist": {
                "type": "zip",
                "url": "https://api.github.com/repos/deployphp/deployer/zipball/99a57a9035cfe0eeae5dba5befe5411ac0f3ac72",
                "reference": "99a57a9035cfe0eeae5dba5befe5411ac0f3ac72",
                "shasum": ""
            },
            "bin": [
                "dep"
            ],
            "type": "library",
            "notification-url": "https://packagist.org/downloads/",
            "license": [
                "MIT"
            ],
            "authors": [
                {
                    "name": "Anton Medvedev",
                    "email": "anton@medv.io"
                }
            ],
            "description": "Deployment Tool",
            "homepage": "https://deployer.org",
            "support": {
                "docs": "https://deployer.org/docs",
                "issues": "https://github.com/deployphp/deployer/issues",
                "source": "https://github.com/deployphp/deployer"
            },
            "funding": [
                {
                    "url": "https://github.com/sponsors/antonmedv",
                    "type": "github"
                }
            ],
            "time": "2022-09-10T07:44:30+00:00"
        },
        {
            "name": "deployer/dist",
            "version": "v6.8.0",
            "source": {
                "type": "git",
                "url": "https://github.com/deployphp/distribution.git",
                "reference": "857158fa5466d5135ce87f07fe67779b6b6a13d2"
            },
            "dist": {
                "type": "zip",
                "url": "https://api.github.com/repos/deployphp/distribution/zipball/857158fa5466d5135ce87f07fe67779b6b6a13d2",
                "reference": "857158fa5466d5135ce87f07fe67779b6b6a13d2",
                "shasum": ""
            },
            "bin": [
                "dep"
            ],
            "type": "library",
            "notification-url": "https://packagist.org/downloads/",
            "license": [
                "MIT"
            ],
            "authors": [
                {
                    "name": "Anton Medvedev",
                    "email": "anton@medv.io"
                }
            ],
            "description": "Deployer Phar Distribution",
            "homepage": "https://deployer.org",
            "support": {
                "docs": "https://deployer.org/docs",
                "issues": "https://github.com/deployphp/deployer/issues",
                "source": "https://github.com/deployphp/deployer"
            },
            "abandoned": "deployer/deployer",
            "time": "2020-04-25T18:48:50+00:00"
        },
        {
            "name": "sourcebroker/deployer-extended",
            "version": "dev-master",
            "dist": {
                "type": "path",
                "url": "./packages/deployer-extended",
                "reference": "4d3ebc685c3cebd605413697601536d366625ebe"
            },
            "require": {
                "deployer/dist": "^6.4.0",
                "sourcebroker/deployer-instance": "^4.0.0"
            },
            "type": "library",
            "autoload": {
                "psr-4": {
                    "SourceBroker\\DeployerExtended\\": "src/"
                }
            },
            "license": [
                "MIT"
            ],
            "authors": [
                {
                    "name": "Krystian Szymukowicz",
                    "email": "k.szymukowicz@gmail.com"
                },
                {
                    "name": "Krystian Liński",
                    "email": "krystian.linski@gmail.com"
                }
            ],
            "description": "Library with some additional tasks for deployer (deployer.org).",
            "keywords": [
                "deployer"
            ],
            "transport-options": {
                "relative": true
            }
        },
        {
            "name": "sourcebroker/deployer-instance",
            "version": "4.0.2",
            "source": {
                "type": "git",
                "url": "https://github.com/sourcebroker/deployer-instance.git",
                "reference": "bddd4a5bc5c4539bced99b1907086156c4a698fe"
            },
            "dist": {
                "type": "zip",
                "url": "https://api.github.com/repos/sourcebroker/deployer-instance/zipball/bddd4a5bc5c4539bced99b1907086156c4a698fe",
                "reference": "bddd4a5bc5c4539bced99b1907086156c4a698fe",
                "shasum": ""
            },
            "require": {
                "deployer/dist": "^6.4.0",
                "php": ">=7.0",
                "symfony/dotenv": "^3.3.0 || ^4.0 || ^5.0"
            },
            "type": "library",
            "autoload": {
                "psr-4": {
                    "SourceBroker\\DeployerInstance\\": "src/"
                }
            },
            "notification-url": "https://packagist.org/downloads/",
            "license": [
                "MIT"
            ],
            "authors": [
                {
                    "name": "Krystian Szymukowicz",
                    "email": "k.szymukowicz@gmail.com"
                }
            ],
            "description": "Instance management for deployer.",
            "keywords": [
                "deployer"
            ],
            "support": {
                "issues": "https://github.com/sourcebroker/deployer-instance/issues",
                "source": "https://github.com/sourcebroker/deployer-instance/tree/4.0.2"
            },
            "time": "2021-01-14T13:52:02+00:00"
        },
        {
            "name": "symfony/deprecation-contracts",
            "version": "v3.1.1",
            "source": {
                "type": "git",
                "url": "https://github.com/symfony/deprecation-contracts.git",
                "reference": "07f1b9cc2ffee6aaafcf4b710fbc38ff736bd918"
            },
            "dist": {
                "type": "zip",
                "url": "https://api.github.com/repos/symfony/deprecation-contracts/zipball/07f1b9cc2ffee6aaafcf4b710fbc38ff736bd918",
                "reference": "07f1b9cc2ffee6aaafcf4b710fbc38ff736bd918",
                "shasum": ""
            },
            "require": {
                "php": ">=8.1"
            },
            "type": "library",
            "extra": {
                "branch-alias": {
                    "dev-main": "3.1-dev"
                },
                "thanks": {
                    "name": "symfony/contracts",
                    "url": "https://github.com/symfony/contracts"
                }
            },
            "autoload": {
                "files": [
                    "function.php"
                ]
            },
            "notification-url": "https://packagist.org/downloads/",
            "license": [
                "MIT"
            ],
            "authors": [
                {
                    "name": "Nicolas Grekas",
                    "email": "p@tchwork.com"
                },
                {
                    "name": "Symfony Community",
                    "homepage": "https://symfony.com/contributors"
                }
            ],
            "description": "A generic function and convention to trigger deprecation notices",
            "homepage": "https://symfony.com",
            "support": {
                "source": "https://github.com/symfony/deprecation-contracts/tree/v3.1.1"
            },
            "funding": [
                {
                    "url": "https://symfony.com/sponsor",
                    "type": "custom"
                },
                {
                    "url": "https://github.com/fabpot",
                    "type": "github"
                },
                {
                    "url": "https://tidelift.com/funding/github/packagist/symfony/symfony",
                    "type": "tidelift"
                }
            ],
            "time": "2022-02-25T11:15:52+00:00"
        },
        {
            "name": "symfony/dotenv",
            "version": "v5.4.5",
            "source": {
                "type": "git",
                "url": "https://github.com/symfony/dotenv.git",
                "reference": "83a2310904a4f5d4f42526227b5a578ac82232a9"
            },
            "dist": {
                "type": "zip",
                "url": "https://api.github.com/repos/symfony/dotenv/zipball/83a2310904a4f5d4f42526227b5a578ac82232a9",
                "reference": "83a2310904a4f5d4f42526227b5a578ac82232a9",
                "shasum": ""
            },
            "require": {
                "php": ">=7.2.5",
                "symfony/deprecation-contracts": "^2.1|^3"
            },
            "require-dev": {
                "symfony/console": "^4.4|^5.0|^6.0",
                "symfony/process": "^4.4|^5.0|^6.0"
            },
            "type": "library",
            "autoload": {
                "psr-4": {
                    "Symfony\\Component\\Dotenv\\": ""
                },
                "exclude-from-classmap": [
                    "/Tests/"
                ]
            },
            "notification-url": "https://packagist.org/downloads/",
            "license": [
                "MIT"
            ],
            "authors": [
                {
                    "name": "Fabien Potencier",
                    "email": "fabien@symfony.com"
                },
                {
                    "name": "Symfony Community",
                    "homepage": "https://symfony.com/contributors"
                }
            ],
            "description": "Registers environment variables from a .env file",
            "homepage": "https://symfony.com",
            "keywords": [
                "dotenv",
                "env",
                "environment"
            ],
            "support": {
                "source": "https://github.com/symfony/dotenv/tree/v5.4.5"
            },
            "funding": [
                {
                    "url": "https://symfony.com/sponsor",
                    "type": "custom"
                },
                {
                    "url": "https://github.com/fabpot",
                    "type": "github"
                },
                {
                    "url": "https://tidelift.com/funding/github/packagist/symfony/symfony",
                    "type": "tidelift"
                }
            ],
            "time": "2022-02-15T17:04:12+00:00"
        }
    ],
    "packages-dev": [],
    "aliases": [],
    "minimum-stability": "stable",
    "stability-flags": {
        "sourcebroker/deployer-extended": 20
    },
    "prefer-stable": false,
    "prefer-lowest": false,
    "platform": [],
    "platform-dev": [],
    "plugin-api-version": "2.3.0"
}
